
Microsoft Visual Studio Solution File, Format Version 12.00
# Visual Studio Version 17
VisualStudioVersion = 17.6.33712.159
MinimumVisualStudioVersion = 10.0.40219.1
Project("{9A19103F-16F7-4668-BE54-9A1E7A4F7556}") = "Covid19ManagementSystem", "Covid19ManagementSystem\Covid19ManagementSystem.csproj", "{10C2D3B8-2AA4-4F86-98AE-63FDF1F92C03}"
EndProject
Project("{9A19103F-16F7-4668-BE54-9A1E7A4F7556}") = "TwitterTowers", "TwitterTowers\TwitterTowers.csproj", "{C4C0E5CD-B5F1-4E4A-820A-8612CB1BF91B}"
EndProject
Project("{9A19103F-16F7-4668-BE54-9A1E7A4F7556}") = "Shapes", "Shapes\Shapes.csproj", "{30DCBB15-0958-4F05-BFB6-42ACFB849F73}"
EndProject
Global
	GlobalSection(SolutionConfigurationPlatforms) = preSolution
		Debug|Any CPU = Debug|Any CPU
		Release|Any CPU = Release|Any CPU
	EndGlobalSection
	GlobalSection(ProjectConfigurationPlatforms) = postSolution
		{10C2D3B8-2AA4-4F86-98AE-63FDF1F92C03}.Debug|Any CPU.ActiveCfg = Debug|Any CPU
		{10C2D3B8-2AA4-4F86-98AE-63FDF1F92C03}.Debug|Any CPU.Build.0 = Debug|Any CPU
		{10C2D3B8-2AA4-4F86-98AE-63FDF1F92C03}.Release|Any CPU.ActiveCfg = Release|Any CPU
		{10C2D3B8-2AA4-4F86-98AE-63FDF1F92C03}.Release|Any CPU.Build.0 = Release|Any CPU
		{C4C0E5CD-B5F1-4E4A-820A-8612CB1BF91B}.Debug|Any CPU.ActiveCfg = Debug|Any CPU
		{C4C0E5CD-B5F1-4E4A-820A-8612CB1BF91B}.Debug|Any CPU.Build.0 = Debug|Any CPU
		{C4C0E5CD-B5F1-4E4A-820A-8612CB1BF91B}.Release|Any CPU.ActiveCfg = Release|Any CPU
		{C4C0E5CD-B5F1-4E4A-820A-8612CB1BF91B}.Release|Any CPU.Build.0 = Release|Any CPU
		{30DCBB15-0958-4F05-BFB6-42ACFB849F73}.Debug|Any CPU.ActiveCfg = Debug|Any CPU
		{30DCBB15-0958-4F05-BFB6-42ACFB849F73}.Debug|Any CPU.Build.0 = Debug|Any CPU
		{30DCBB15-0958-4F05-BFB6-42ACFB849F73}.Release|Any CPU.ActiveCfg = Release|Any CPU
		{30DCBB15-0958-4F05-BFB6-42ACFB849F73}.Release|Any CPU.Build.0 = Release|Any CPU
	EndGlobalSection
	GlobalSection(SolutionProperties) = preSolution
		HideSolutionNode = FALSE
	EndGlobalSection
	GlobalSection(ExtensibilityGlobals) = postSolution
		SolutionGuid = {20D4C76B-5511-40B0-8B36-9D83991ECFAC}
	EndGlobalSection
EndGlobal
