
Microsoft Visual Studio Solution File, Format Version 12.00
# Visual Studio Version 16
VisualStudioVersion = 16.0.32802.440
MinimumVisualStudioVersion = 10.0.40219.1
Project("{FAE04EC0-301F-11D3-BF4B-00C04F79EFBC}") = "TwitterTowers", "TwitterTowers\TwitterTowers.csproj", "{977F8529-283B-4E3D-B8C6-12C4B97FFCAA}"
EndProject
Project("{FAE04EC0-301F-11D3-BF4B-00C04F79EFBC}") = "Shapes", "Shapes\Shapes.csproj", "{69D3334C-8EDE-4486-85F2-368893EB5D95}"
EndProject
Global
	GlobalSection(SolutionConfigurationPlatforms) = preSolution
		Debug|Any CPU = Debug|Any CPU
		Release|Any CPU = Release|Any CPU
	EndGlobalSection
	GlobalSection(ProjectConfigurationPlatforms) = postSolution
		{977F8529-283B-4E3D-B8C6-12C4B97FFCAA}.Debug|Any CPU.ActiveCfg = Debug|Any CPU
		{977F8529-283B-4E3D-B8C6-12C4B97FFCAA}.Debug|Any CPU.Build.0 = Debug|Any CPU
		{977F8529-283B-4E3D-B8C6-12C4B97FFCAA}.Release|Any CPU.ActiveCfg = Release|Any CPU
		{977F8529-283B-4E3D-B8C6-12C4B97FFCAA}.Release|Any CPU.Build.0 = Release|Any CPU
		{69D3334C-8EDE-4486-85F2-368893EB5D95}.Debug|Any CPU.ActiveCfg = Debug|Any CPU
		{69D3334C-8EDE-4486-85F2-368893EB5D95}.Debug|Any CPU.Build.0 = Debug|Any CPU
		{69D3334C-8EDE-4486-85F2-368893EB5D95}.Release|Any CPU.ActiveCfg = Release|Any CPU
		{69D3334C-8EDE-4486-85F2-368893EB5D95}.Release|Any CPU.Build.0 = Release|Any CPU
	EndGlobalSection
	GlobalSection(SolutionProperties) = preSolution
		HideSolutionNode = FALSE
	EndGlobalSection
	GlobalSection(ExtensibilityGlobals) = postSolution
		SolutionGuid = {20D4C76B-5511-40B0-8B36-9D83991ECFAC}
	EndGlobalSection
EndGlobal
